{
  "version": 4,
  "terraform_version": "1.3.1",
  "serial": 91,
  "lineage": "31c6dda8-9e40-126d-589c-f549e45f5c35",
  "outputs": {},
  "resources": [
    {
      "module": "module.monitoring-stack",
      "mode": "managed",
      "type": "helm_release",
      "name": "postgres-exporter",
      "provider": "provider[\"registry.terraform.io/hashicorp/helm\"]",
      "instances": [
        {
          "schema_version": 0,
          "attributes": {
            "atomic": false,
            "chart": "prometheus-postgres-exporter",
            "cleanup_on_fail": false,
            "create_namespace": true,
            "dependency_update": false,
            "description": null,
            "devel": null,
            "disable_crd_hooks": false,
            "disable_openapi_validation": false,
            "disable_webhooks": false,
            "force_update": false,
            "id": "postgres-exporter",
            "keyring": null,
            "lint": false,
            "manifest": null,
            "max_history": 0,
            "metadata": [
              {
                "app_version": "0.10.1",
                "chart": "prometheus-postgres-exporter",
                "name": "postgres-exporter",
                "namespace": "monitoring",
                "revision": 1,
                "values": "{\"config\":{\"datasource\":{\"database\":\"postgres\",\"extraParams\":\"\",\"host\":\"book-library-postgres-db-svc.bozo-book-library-dev.svc.cluster.local\",\"password\":null,\"port\":\"5432\",\"sslmode\":\"disable\",\"user\":\"postgres\"}},\"serviceMonitor\":{\"enabled\":true,\"labels\":{\"release\":\"prometheus\"}}}",
                "version": "3.1.3"
              }
            ],
            "name": "postgres-exporter",
            "namespace": "monitoring",
            "pass_credentials": false,
            "postrender": [],
            "recreate_pods": false,
            "render_subchart_notes": true,
            "replace": false,
            "repository": "https://prometheus-community.github.io/helm-charts",
            "repository_ca_file": null,
            "repository_cert_file": null,
            "repository_key_file": null,
            "repository_password": null,
            "repository_username": null,
            "reset_values": false,
            "reuse_values": false,
            "set": [],
            "set_sensitive": [],
            "skip_crds": false,
            "status": "deployed",
            "timeout": 300,
            "values": [
              "serviceMonitor:\n  # When set true then use a ServiceMonitor to configure scraping\n  enabled: true\n  # Set labels for the ServiceMonitor, use this to define your scrape label for Prometheus Operator\n  labels:\n    release: prometheus\n\nconfig:\n  datasource:\n    # Specify one of both datasource or datasourceSecret\n    host: book-library-postgres-db-svc.bozo-book-library-dev.svc.cluster.local\n    user: postgres\n    password:\n    # Specify passwordSecret if DB password is stored in secret.\n    # passwordSecret: {}\n    # Secret name\n    #  name:\n    # Password key inside secret\n    #  key:\n    port: \"5432\"\n    database: 'postgres'\n    sslmode: disable\n    extraParams: ''\n"
            ],
            "verify": false,
            "version": "3.1.3",
            "wait": true,
            "wait_for_jobs": false
          },
          "sensitive_attributes": [],
          "private": "bnVsbA=="
        }
      ]
    },
    {
      "module": "module.monitoring-stack",
      "mode": "managed",
      "type": "helm_release",
      "name": "prometheus",
      "provider": "provider[\"registry.terraform.io/hashicorp/helm\"]",
      "instances": [
        {
          "schema_version": 0,
          "attributes": {
            "atomic": false,
            "chart": "kube-prometheus-stack",
            "cleanup_on_fail": false,
            "create_namespace": true,
            "dependency_update": false,
            "description": null,
            "devel": null,
            "disable_crd_hooks": false,
            "disable_openapi_validation": false,
            "disable_webhooks": false,
            "force_update": false,
            "id": "prometheus",
            "keyring": null,
            "lint": false,
            "manifest": null,
            "max_history": 0,
            "metadata": [
              {
                "app_version": "0.59.2",
                "chart": "kube-prometheus-stack",
                "name": "prometheus",
                "namespace": "monitoring",
                "revision": 1,
                "values": "{\"additionalPrometheusRulesMap\":{\"rule-name\":{\"groups\":[{\"name\":\"AllInstances\",\"rules\":[{\"alert\":\"InstanceDown\",\"annotations\":{\"description\":\"{{ $labels.instance }} of job {{ $labels.job }} has been down for more than 1 minute.\",\"title\":\"Instance {{ $labels.instance }} down\"},\"expr\":\"up == 0\",\"for\":\"1m\",\"labels\":{\"application\":\"bozobooks\",\"source\":\"prometheus\"}}]}]}},\"alertmanager\":{\"config\":{\"global\":{\"resolve_timeout\":\"5m\",\"slack_api_url\":\"https://hooks.slack.com/services/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\"},\"receivers\":[{\"name\":\"slack-notifications\",\"slack_configs\":[{\"channel\":\"#monitoring\",\"send_resolved\":true,\"text\":\"Alert: {{ range .Alerts }}{{ .Annotations.description }}\\n{{ end }}\",\"title\":\"Alert: {{ range .Alerts }}{{ .Annotations.summary }}\\n{{ end }}\"}]}],\"route\":{\"receiver\":\"slack-notifications\",\"repeat_interval\":\"1s\"}},\"enabled\":true},\"grafana\":{\"enabled\":true,\"ingress\":{\"enabled\":true,\"ingressClassName\":\"nginx\",\"path\":\"/grafana\"},\"persistence\":{\"accessModes\":[\"ReadWriteOnce\"],\"enabled\":true,\"finalizers\":[\"kubernetes.io/pvc-protection\"],\"size\":\"4Gi\",\"type\":\"pvc\"},\"sidecar\":{\"dashboards\":{\"enabled\":true,\"label\":\"grafana_dashboard\",\"labelValue\":\"1\"},\"datasources\":{\"defaultDatasourceEnabled\":true,\"enabled\":true}}}}",
                "version": "40.3.1"
              }
            ],
            "name": "prometheus",
            "namespace": "monitoring",
            "pass_credentials": false,
            "postrender": [],
            "recreate_pods": false,
            "render_subchart_notes": true,
            "replace": false,
            "repository": "https://prometheus-community.github.io/helm-charts",
            "repository_ca_file": null,
            "repository_cert_file": null,
            "repository_key_file": null,
            "repository_password": null,
            "repository_username": null,
            "reset_values": false,
            "reuse_values": false,
            "set": [],
            "set_sensitive": [],
            "skip_crds": false,
            "status": "deployed",
            "timeout": 300,
            "values": [
              "grafana:\n  enabled: true\n  \n  persistence:\n    enabled: true\n    type: pvc\n    accessModes:\n    - ReadWriteOnce\n    size: 4Gi\n    finalizers:\n    - kubernetes.io/pvc-protection\n\n  ingress:\n    enabled: true\n    ingressClassName: nginx\n    path: /grafana\n  \n  sidecar:\n    dashboards:\n      enabled: true\n      label: grafana_dashboard\n      labelValue: \"1\"\n\n    datasources:\n      enabled: true\n      defaultDatasourceEnabled: true\n\n\n\n\nadditionalPrometheusRulesMap: \n  rule-name: \n    groups:\n      - name: AllInstances\n        rules:\n        - alert: InstanceDown\n          expr: up == 0\n          for: 1m\n          annotations:\n            title: 'Instance {{ $labels.instance }} down'\n            description: '{{ $labels.instance }} of job {{ $labels.job }} has been down for more than 1 minute.'\n          labels:\n            application: 'bozobooks'\n            source: 'prometheus'\n\n\n\nalertmanager:\n  enabled: true\n  ## Alertmanager configuration directives\n  ## ref: https://prometheus.io/docs/alerting/configuration/#configuration-file\n  ##      https://prometheus.io/webtools/alerting/routing-tree-editor/\n  ##\n\n  config:\n    global:\n      resolve_timeout: 5m\n      slack_api_url: 'https://hooks.slack.com/services/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'\n    route:\n        receiver: 'slack-notifications'\n        repeat_interval: 1s\n    receivers:\n    - name: 'slack-notifications'\n      slack_configs:\n      - channel: '#monitoring'\n        send_resolved: true\n        title: \"Alert: {{ range .Alerts }}{{ .Annotations.summary }}\\n{{ end }}\"\n        text: \"Alert: {{ range .Alerts }}{{ .Annotations.description }}\\n{{ end }}\""
            ],
            "verify": false,
            "version": "40.3.1",
            "wait": true,
            "wait_for_jobs": false
          },
          "sensitive_attributes": [],
          "private": "bnVsbA=="
        }
      ]
    },
    {
      "module": "module.monitoring-stack",
      "mode": "managed",
      "type": "helm_release",
      "name": "redis-exporter",
      "provider": "provider[\"registry.terraform.io/hashicorp/helm\"]",
      "instances": [
        {
          "schema_version": 0,
          "attributes": {
            "atomic": false,
            "chart": "prometheus-redis-exporter",
            "cleanup_on_fail": false,
            "create_namespace": true,
            "dependency_update": false,
            "description": null,
            "devel": null,
            "disable_crd_hooks": false,
            "disable_openapi_validation": false,
            "disable_webhooks": false,
            "force_update": false,
            "id": "redis-exporter",
            "keyring": null,
            "lint": false,
            "manifest": null,
            "max_history": 0,
            "metadata": [
              {
                "app_version": "v1.44.0",
                "chart": "prometheus-redis-exporter",
                "name": "redis-exporter",
                "namespace": "monitoring",
                "revision": 1,
                "values": "{\"labels\":{\"release\":\"prometheus\"},\"redisAddress\":\"redis://redis-cache-service.bozo-book-library-dev.svc.cluster.local:6379\",\"serviceMonitor\":{\"enabled\":true,\"interval\":\"30s\",\"labels\":{\"release\":\"prometheus\"},\"multipleTarget\":false,\"telemetryPath\":\"/metrics\"}}",
                "version": "5.2.0"
              }
            ],
            "name": "redis-exporter",
            "namespace": "monitoring",
            "pass_credentials": false,
            "postrender": [],
            "recreate_pods": false,
            "render_subchart_notes": true,
            "replace": false,
            "repository": "https://prometheus-community.github.io/helm-charts",
            "repository_ca_file": null,
            "repository_cert_file": null,
            "repository_key_file": null,
            "repository_password": null,
            "repository_username": null,
            "reset_values": false,
            "reuse_values": false,
            "set": [],
            "set_sensitive": [],
            "skip_crds": false,
            "status": "deployed",
            "timeout": 300,
            "values": [
              "# If serviceMonitor.multipleTarget is enabled, this configuration is actually not used\nredisAddress: redis://redis-cache-service.bozo-book-library-dev.svc.cluster.local:6379\n\nlabels: \n  release: prometheus\n\nserviceMonitor:\n  # When set true then use a ServiceMonitor to configure scraping\n  enabled: true\n  multipleTarget: false\n  interval: 30s\n  telemetryPath: /metrics\n  labels:\n    release: prometheus\n"
            ],
            "verify": false,
            "version": "5.2.0",
            "wait": true,
            "wait_for_jobs": false
          },
          "sensitive_attributes": [],
          "private": "bnVsbA=="
        }
      ]
    }
  ],
  "check_results": []
}
